
Microsoft Visual Studio Solution File, Format Version 10.00
# Visual C++ Express 2008
Project("{8BC9CEB8-8B4A-11D0-8D11-00A0C91BC942}") = "Second Program OO", "Second Program OO\Second Program OO.vcproj", "{AC4305ED-EFD8-4A02-B349-E5491CD78BD7}"
EndProject
Global
	GlobalSection(SolutionConfigurationPlatforms) = preSolution
		Debug|Win32 = Debug|Win32
		Release|Win32 = Release|Win32
	EndGlobalSection
	GlobalSection(ProjectConfigurationPlatforms) = postSolution
		{AC4305ED-EFD8-4A02-B349-E5491CD78BD7}.Debug|Win32.ActiveCfg = Debug|Win32
		{AC4305ED-EFD8-4A02-B349-E5491CD78BD7}.Debug|Win32.Build.0 = Debug|Win32
		{AC4305ED-EFD8-4A02-B349-E5491CD78BD7}.Release|Win32.ActiveCfg = Release|Win32
		{AC4305ED-EFD8-4A02-B349-E5491CD78BD7}.Release|Win32.Build.0 = Release|Win32
	EndGlobalSection
	GlobalSection(SolutionProperties) = preSolution
		HideSolutionNode = FALSE
	EndGlobalSection
EndGlobal
