
Microsoft Visual Studio Solution File, Format Version 10.00
# Visual C++ Express 2008
Project("{8BC9CEB8-8B4A-11D0-8D11-00A0C91BC942}") = "Project 3", "Project 3\Project 3.vcproj", "{C11A5858-FD69-4D84-8703-0C8F228096EE}"
EndProject
Global
	GlobalSection(SolutionConfigurationPlatforms) = preSolution
		Debug|Win32 = Debug|Win32
		Release|Win32 = Release|Win32
	EndGlobalSection
	GlobalSection(ProjectConfigurationPlatforms) = postSolution
		{C11A5858-FD69-4D84-8703-0C8F228096EE}.Debug|Win32.ActiveCfg = Debug|Win32
		{C11A5858-FD69-4D84-8703-0C8F228096EE}.Debug|Win32.Build.0 = Debug|Win32
		{C11A5858-FD69-4D84-8703-0C8F228096EE}.Release|Win32.ActiveCfg = Release|Win32
		{C11A5858-FD69-4D84-8703-0C8F228096EE}.Release|Win32.Build.0 = Release|Win32
	EndGlobalSection
	GlobalSection(SolutionProperties) = preSolution
		HideSolutionNode = FALSE
	EndGlobalSection
EndGlobal
