
Microsoft Visual Studio Solution File, Format Version 10.00
# Visual C++ Express 2008
Project("{8BC9CEB8-8B4A-11D0-8D11-00A0C91BC942}") = "2OOP - Exercise 4 - Linked List", "2OOP - Exercise 4 - Linked List\2OOP - Exercise 4 - Linked List.vcproj", "{1EFE904F-B2F3-4EB8-B933-F63B650B0FC0}"
EndProject
Global
	GlobalSection(SolutionConfigurationPlatforms) = preSolution
		Debug|Win32 = Debug|Win32
		Release|Win32 = Release|Win32
	EndGlobalSection
	GlobalSection(ProjectConfigurationPlatforms) = postSolution
		{1EFE904F-B2F3-4EB8-B933-F63B650B0FC0}.Debug|Win32.ActiveCfg = Debug|Win32
		{1EFE904F-B2F3-4EB8-B933-F63B650B0FC0}.Debug|Win32.Build.0 = Debug|Win32
		{1EFE904F-B2F3-4EB8-B933-F63B650B0FC0}.Release|Win32.ActiveCfg = Release|Win32
		{1EFE904F-B2F3-4EB8-B933-F63B650B0FC0}.Release|Win32.Build.0 = Release|Win32
	EndGlobalSection
	GlobalSection(SolutionProperties) = preSolution
		HideSolutionNode = FALSE
	EndGlobalSection
EndGlobal
